
Microsoft Visual Studio Solution File, Format Version 12.00
# Visual Studio 15
Project("{FAE04EC0-301F-11D3-BF4B-00C04F79EFBC}") = "simpl.health", "simpl.health\simpl.health.csproj", "{5EB39500-8682-469B-8B8B-6205A6608938}"
EndProject
Global
	GlobalSection(SolutionConfigurationPlatforms) = preSolution
		Debug|Any CPU = Debug|Any CPU
		Release|Any CPU = Release|Any CPU
	EndGlobalSection
	GlobalSection(ProjectConfigurationPlatforms) = postSolution
		{5EB39500-8682-469B-8B8B-6205A6608938}.Debug|Any CPU.ActiveCfg = Debug|Any CPU
		{5EB39500-8682-469B-8B8B-6205A6608938}.Debug|Any CPU.Build.0 = Debug|Any CPU
		{5EB39500-8682-469B-8B8B-6205A6608938}.Release|Any CPU.ActiveCfg = Release|Any CPU
		{5EB39500-8682-469B-8B8B-6205A6608938}.Release|Any CPU.Build.0 = Release|Any CPU
	EndGlobalSection
EndGlobal
